<Solution>
  <Project Path="src/Xsp/Xsp.csproj" />
  <Project Path="src/XsPub.Library/XsPub.Library.csproj" />
  <Project Path="src/XsPub.Runtime/XsPub.Runtime.csproj" />
  <Project Path="tests/XsPub.Library.Tests/XsPub.Library.Tests.csproj" />
  <Project Path="tests/XsPub.Tests/XsPub.Tests.csproj" />
</Solution>
